// !$*UTF8*$!
{
	archiveVersion = 1;
	classes = {
	};
	objectVersion = 46;
	objects = {

/* Begin PBXBuildFile section */
		26405EFD9CD614CCFF15E17E /* Pods_SaveMoney.framework in Frameworks */ = {isa = PBXBuildFile; fileRef = B1A16C93DAD579DFF41BA00E /* Pods_SaveMoney.framework */; };
		5400105C2038539400525703 /* ComparableExtension.swift in Sources */ = {isa = PBXBuildFile; fileRef = 5400105B2038539400525703 /* ComparableExtension.swift */; };
		5400105E203853E000525703 /* CommonExtensions.swift in Sources */ = {isa = PBXBuildFile; fileRef = 5400105D203853E000525703 /* CommonExtensions.swift */; };
		540112FA20384827003FB5DA /* MocData.swift in Sources */ = {isa = PBXBuildFile; fileRef = 540112F920384827003FB5DA /* MocData.swift */; };
		540F04812037864C0045B5CC /* AppDelegate.swift in Sources */ = {isa = PBXBuildFile; fileRef = 540F04802037864C0045B5CC /* AppDelegate.swift */; };
		540F04832037864C0045B5CC /* ViewController.swift in Sources */ = {isa = PBXBuildFile; fileRef = 540F04822037864C0045B5CC /* ViewController.swift */; };
		540F04862037864C0045B5CC /* Main.storyboard in Resources */ = {isa = PBXBuildFile; fileRef = 540F04842037864C0045B5CC /* Main.storyboard */; };
		540F04882037864C0045B5CC /* Assets.xcassets in Resources */ = {isa = PBXBuildFile; fileRef = 540F04872037864C0045B5CC /* Assets.xcassets */; };
		540F048B2037864C0045B5CC /* LaunchScreen.storyboard in Resources */ = {isa = PBXBuildFile; fileRef = 540F04892037864C0045B5CC /* LaunchScreen.storyboard */; };
		544CD48520383B7700192D32 /* SettingsViewController.swift in Sources */ = {isa = PBXBuildFile; fileRef = 544CD48420383B7700192D32 /* SettingsViewController.swift */; };
		54FDD6CC203787E900E74918 /* MainViewController.swift in Sources */ = {isa = PBXBuildFile; fileRef = 54FDD6CB203787E900E74918 /* MainViewController.swift */; };
		54FDD6D12037883400E74918 /* CategoryCollectionViewCell.swift in Sources */ = {isa = PBXBuildFile; fileRef = 54FDD6D02037883400E74918 /* CategoryCollectionViewCell.swift */; };
		B911EEBE2038232400B9F845 /* RxTest.framework in Frameworks */ = {isa = PBXBuildFile; fileRef = B911EEB92038232400B9F845 /* RxTest.framework */; };
		B911EEBF2038232400B9F845 /* RxSwift.framework in Frameworks */ = {isa = PBXBuildFile; fileRef = B911EEBA2038232400B9F845 /* RxSwift.framework */; };
		B911EEC02038232400B9F845 /* SwiftyBeaver.framework in Frameworks */ = {isa = PBXBuildFile; fileRef = B911EEBB2038232400B9F845 /* SwiftyBeaver.framework */; };
		B911EEC12038232400B9F845 /* RxBlocking.framework in Frameworks */ = {isa = PBXBuildFile; fileRef = B911EEBC2038232400B9F845 /* RxBlocking.framework */; };
		B911EEC22038232400B9F845 /* RxCocoa.framework in Frameworks */ = {isa = PBXBuildFile; fileRef = B911EEBD2038232400B9F845 /* RxCocoa.framework */; };
		B911EEC52038233400B9F845 /* Logger.swift in Sources */ = {isa = PBXBuildFile; fileRef = B911EEC42038233400B9F845 /* Logger.swift */; };
		B91DA6F7203875650088A0F7 /* RxSwiftExt.framework in Frameworks */ = {isa = PBXBuildFile; fileRef = B91DA6F6203875650088A0F7 /* RxSwiftExt.framework */; };
		B91DA6F9203875690088A0F7 /* Timepiece.framework in Frameworks */ = {isa = PBXBuildFile; fileRef = B91DA6F8203875690088A0F7 /* Timepiece.framework */; };
		B91DA6FC203875BF0088A0F7 /* MockDataProvider.swift in Sources */ = {isa = PBXBuildFile; fileRef = B91DA6FB203875BF0088A0F7 /* MockDataProvider.swift */; };
		B91DA6FE203876410088A0F7 /* ArrayExtension.swift in Sources */ = {isa = PBXBuildFile; fileRef = B91DA6FD203876410088A0F7 /* ArrayExtension.swift */; };
		B95FCA4D20387AE100EDD79C /* SequenceExtension.swift in Sources */ = {isa = PBXBuildFile; fileRef = B95FCA4C20387AE100EDD79C /* SequenceExtension.swift */; };
		B96CAAA820385E5200D09D38 /* UITextFieldExtension.swift in Sources */ = {isa = PBXBuildFile; fileRef = B96CAAA720385E5200D09D38 /* UITextFieldExtension.swift */; };
		B995629B203844670003C71E /* StringExtension.swift in Sources */ = {isa = PBXBuildFile; fileRef = B995629A203844670003C71E /* StringExtension.swift */; };
		B9F352BC2038386600A1A53B /* HistoryController.swift in Sources */ = {isa = PBXBuildFile; fileRef = B9F352BB2038386600A1A53B /* HistoryController.swift */; };
		B9F352BF20383A5700A1A53B /* RxSwiftExtension.swift in Sources */ = {isa = PBXBuildFile; fileRef = B9F352BE20383A5700A1A53B /* RxSwiftExtension.swift */; };
		B9F352C120383B1A00A1A53B /* Reusable.swift in Sources */ = {isa = PBXBuildFile; fileRef = B9F352C020383B1900A1A53B /* Reusable.swift */; };
		B9F352C420383B8000A1A53B /* AdviceCell.swift in Sources */ = {isa = PBXBuildFile; fileRef = B9F352C320383B8000A1A53B /* AdviceCell.swift */; };
		B9F352C620383BD200A1A53B /* DeviceExtension.swift in Sources */ = {isa = PBXBuildFile; fileRef = B9F352C520383BD200A1A53B /* DeviceExtension.swift */; };
		B9F352C820383CEB00A1A53B /* HistoryCell.swift in Sources */ = {isa = PBXBuildFile; fileRef = B9F352C720383CEB00A1A53B /* HistoryCell.swift */; };
		B9F352CA20383D1400A1A53B /* HistorySectionHeaderCell.swift in Sources */ = {isa = PBXBuildFile; fileRef = B9F352C920383D1400A1A53B /* HistorySectionHeaderCell.swift */; };
		B9F352CC2038428600A1A53B /* IntExtension.swift in Sources */ = {isa = PBXBuildFile; fileRef = B9F352CB2038428600A1A53B /* IntExtension.swift */; };
		B9F365B420381D2E00654984 /* SwifterSwift.framework in Frameworks */ = {isa = PBXBuildFile; fileRef = B9F365B320381D2E00654984 /* SwifterSwift.framework */; };
/* End PBXBuildFile section */

/* Begin PBXFileReference section */
		5400105B2038539400525703 /* ComparableExtension.swift */ = {isa = PBXFileReference; lastKnownFileType = sourcecode.swift; path = ComparableExtension.swift; sourceTree = "<group>"; };
		5400105D203853E000525703 /* CommonExtensions.swift */ = {isa = PBXFileReference; lastKnownFileType = sourcecode.swift; path = CommonExtensions.swift; sourceTree = "<group>"; };
		540112F920384827003FB5DA /* MocData.swift */ = {isa = PBXFileReference; lastKnownFileType = sourcecode.swift; path = MocData.swift; sourceTree = "<group>"; };
		540F047D2037864C0045B5CC /* SaveMoney.app */ = {isa = PBXFileReference; explicitFileType = wrapper.application; includeInIndex = 0; path = SaveMoney.app; sourceTree = BUILT_PRODUCTS_DIR; };
		540F04802037864C0045B5CC /* AppDelegate.swift */ = {isa = PBXFileReference; lastKnownFileType = sourcecode.swift; path = AppDelegate.swift; sourceTree = "<group>"; };
		540F04822037864C0045B5CC /* ViewController.swift */ = {isa = PBXFileReference; lastKnownFileType = sourcecode.swift; path = ViewController.swift; sourceTree = "<group>"; };
		540F04852037864C0045B5CC /* Base */ = {isa = PBXFileReference; lastKnownFileType = file.storyboard; name = Base; path = Base.lproj/Main.storyboard; sourceTree = "<group>"; };
		540F04872037864C0045B5CC /* Assets.xcassets */ = {isa = PBXFileReference; lastKnownFileType = folder.assetcatalog; path = Assets.xcassets; sourceTree = "<group>"; };
		540F048A2037864C0045B5CC /* Base */ = {isa = PBXFileReference; lastKnownFileType = file.storyboard; name = Base; path = Base.lproj/LaunchScreen.storyboard; sourceTree = "<group>"; };
		540F048C2037864C0045B5CC /* Info.plist */ = {isa = PBXFileReference; lastKnownFileType = text.plist.xml; path = Info.plist; sourceTree = "<group>"; };
		544CD48420383B7700192D32 /* SettingsViewController.swift */ = {isa = PBXFileReference; lastKnownFileType = sourcecode.swift; path = SettingsViewController.swift; sourceTree = "<group>"; };
		54FDD6CB203787E900E74918 /* MainViewController.swift */ = {isa = PBXFileReference; lastKnownFileType = sourcecode.swift; path = MainViewController.swift; sourceTree = "<group>"; };
		54FDD6D02037883400E74918 /* CategoryCollectionViewCell.swift */ = {isa = PBXFileReference; lastKnownFileType = sourcecode.swift; path = CategoryCollectionViewCell.swift; sourceTree = "<group>"; };
		7ABBF270B07C5D551F93C724 /* Pods-SaveMoney.debug.xcconfig */ = {isa = PBXFileReference; includeInIndex = 1; lastKnownFileType = text.xcconfig; name = "Pods-SaveMoney.debug.xcconfig"; path = "Pods/Target Support Files/Pods-SaveMoney/Pods-SaveMoney.debug.xcconfig"; sourceTree = "<group>"; };
		B1A16C93DAD579DFF41BA00E /* Pods_SaveMoney.framework */ = {isa = PBXFileReference; explicitFileType = wrapper.framework; includeInIndex = 0; path = Pods_SaveMoney.framework; sourceTree = BUILT_PRODUCTS_DIR; };
		B59BFB6CDDDC98B781FDB53F /* Pods-SaveMoney.release.xcconfig */ = {isa = PBXFileReference; includeInIndex = 1; lastKnownFileType = text.xcconfig; name = "Pods-SaveMoney.release.xcconfig"; path = "Pods/Target Support Files/Pods-SaveMoney/Pods-SaveMoney.release.xcconfig"; sourceTree = "<group>"; };
		B911EEB92038232400B9F845 /* RxTest.framework */ = {isa = PBXFileReference; lastKnownFileType = wrapper.framework; name = RxTest.framework; path = Carthage/Build/iOS/RxTest.framework; sourceTree = "<group>"; };
		B911EEBA2038232400B9F845 /* RxSwift.framework */ = {isa = PBXFileReference; lastKnownFileType = wrapper.framework; name = RxSwift.framework; path = Carthage/Build/iOS/RxSwift.framework; sourceTree = "<group>"; };
		B911EEBB2038232400B9F845 /* SwiftyBeaver.framework */ = {isa = PBXFileReference; lastKnownFileType = wrapper.framework; name = SwiftyBeaver.framework; path = Carthage/Build/iOS/SwiftyBeaver.framework; sourceTree = "<group>"; };
		B911EEBC2038232400B9F845 /* RxBlocking.framework */ = {isa = PBXFileReference; lastKnownFileType = wrapper.framework; name = RxBlocking.framework; path = Carthage/Build/iOS/RxBlocking.framework; sourceTree = "<group>"; };
		B911EEBD2038232400B9F845 /* RxCocoa.framework */ = {isa = PBXFileReference; lastKnownFileType = wrapper.framework; name = RxCocoa.framework; path = Carthage/Build/iOS/RxCocoa.framework; sourceTree = "<group>"; };
		B911EEC42038233400B9F845 /* Logger.swift */ = {isa = PBXFileReference; fileEncoding = 4; lastKnownFileType = sourcecode.swift; path = Logger.swift; sourceTree = "<group>"; };
		B91DA6F6203875650088A0F7 /* RxSwiftExt.framework */ = {isa = PBXFileReference; lastKnownFileType = wrapper.framework; name = RxSwiftExt.framework; path = Carthage/Build/iOS/RxSwiftExt.framework; sourceTree = "<group>"; };
		B91DA6F8203875690088A0F7 /* Timepiece.framework */ = {isa = PBXFileReference; lastKnownFileType = wrapper.framework; name = Timepiece.framework; path = Carthage/Build/iOS/Timepiece.framework; sourceTree = "<group>"; };
		B91DA6FB203875BF0088A0F7 /* MockDataProvider.swift */ = {isa = PBXFileReference; lastKnownFileType = sourcecode.swift; path = MockDataProvider.swift; sourceTree = "<group>"; };
		B91DA6FD203876410088A0F7 /* ArrayExtension.swift */ = {isa = PBXFileReference; lastKnownFileType = sourcecode.swift; path = ArrayExtension.swift; sourceTree = "<group>"; };
		B95FCA4C20387AE100EDD79C /* SequenceExtension.swift */ = {isa = PBXFileReference; lastKnownFileType = sourcecode.swift; path = SequenceExtension.swift; sourceTree = "<group>"; };
		B96CAAA720385E5200D09D38 /* UITextFieldExtension.swift */ = {isa = PBXFileReference; lastKnownFileType = sourcecode.swift; path = UITextFieldExtension.swift; sourceTree = "<group>"; };
		B995629A203844670003C71E /* StringExtension.swift */ = {isa = PBXFileReference; lastKnownFileType = sourcecode.swift; path = StringExtension.swift; sourceTree = "<group>"; };
		B9F352BB2038386600A1A53B /* HistoryController.swift */ = {isa = PBXFileReference; lastKnownFileType = sourcecode.swift; path = HistoryController.swift; sourceTree = "<group>"; };
		B9F352BE20383A5700A1A53B /* RxSwiftExtension.swift */ = {isa = PBXFileReference; lastKnownFileType = sourcecode.swift; path = RxSwiftExtension.swift; sourceTree = "<group>"; };
		B9F352C020383B1900A1A53B /* Reusable.swift */ = {isa = PBXFileReference; fileEncoding = 4; lastKnownFileType = sourcecode.swift; path = Reusable.swift; sourceTree = "<group>"; };
		B9F352C320383B8000A1A53B /* AdviceCell.swift */ = {isa = PBXFileReference; lastKnownFileType = sourcecode.swift; path = AdviceCell.swift; sourceTree = "<group>"; };
		B9F352C520383BD200A1A53B /* DeviceExtension.swift */ = {isa = PBXFileReference; fileEncoding = 4; lastKnownFileType = sourcecode.swift; path = DeviceExtension.swift; sourceTree = "<group>"; };
		B9F352C720383CEB00A1A53B /* HistoryCell.swift */ = {isa = PBXFileReference; lastKnownFileType = sourcecode.swift; path = HistoryCell.swift; sourceTree = "<group>"; };
		B9F352C920383D1400A1A53B /* HistorySectionHeaderCell.swift */ = {isa = PBXFileReference; lastKnownFileType = sourcecode.swift; path = HistorySectionHeaderCell.swift; sourceTree = "<group>"; };
		B9F352CB2038428600A1A53B /* IntExtension.swift */ = {isa = PBXFileReference; lastKnownFileType = sourcecode.swift; path = IntExtension.swift; sourceTree = "<group>"; };
		B9F365B320381D2E00654984 /* SwifterSwift.framework */ = {isa = PBXFileReference; lastKnownFileType = wrapper.framework; name = SwifterSwift.framework; path = Carthage/Build/iOS/SwifterSwift.framework; sourceTree = "<group>"; };
/* End PBXFileReference section */

/* Begin PBXFrameworksBuildPhase section */
		540F047A2037864C0045B5CC /* Frameworks */ = {
			isa = PBXFrameworksBuildPhase;
			buildActionMask = 2147483647;
			files = (
				26405EFD9CD614CCFF15E17E /* Pods_SaveMoney.framework in Frameworks */,
				B91DA6F9203875690088A0F7 /* Timepiece.framework in Frameworks */,
				B91DA6F7203875650088A0F7 /* RxSwiftExt.framework in Frameworks */,
				B9F365B420381D2E00654984 /* SwifterSwift.framework in Frameworks */,
				B911EEBE2038232400B9F845 /* RxTest.framework in Frameworks */,
				B911EEBF2038232400B9F845 /* RxSwift.framework in Frameworks */,
				B911EEC02038232400B9F845 /* SwiftyBeaver.framework in Frameworks */,
				B911EEC12038232400B9F845 /* RxBlocking.framework in Frameworks */,
				B911EEC22038232400B9F845 /* RxCocoa.framework in Frameworks */,
			);
			runOnlyForDeploymentPostprocessing = 0;
		};
/* End PBXFrameworksBuildPhase section */

/* Begin PBXGroup section */
		540F04742037864B0045B5CC = {
			isa = PBXGroup;
			children = (
				540F047F2037864C0045B5CC /* SaveMoney */,
				540F047E2037864C0045B5CC /* Products */,
				EA7E8A7F46757A2217455D42 /* Pods */,
				D301F35D20618F46C9E657F2 /* Frameworks */,
			);
			sourceTree = "<group>";
		};
		540F047E2037864C0045B5CC /* Products */ = {
			isa = PBXGroup;
			children = (
				540F047D2037864C0045B5CC /* SaveMoney.app */,
			);
			name = Products;
			sourceTree = "<group>";
		};
		540F047F2037864C0045B5CC /* SaveMoney */ = {
			isa = PBXGroup;
			children = (
				B91DA6FA203875B40088A0F7 /* Service */,
				B995629C203844B00003C71E /* Support */,
				B9F352BD20383A4200A1A53B /* Common */,
				B9F1CB172038292D00BC25C5 /* Presentation */,
				B911EEC32038232900B9F845 /* Core */,
				540112F920384827003FB5DA /* MocData.swift */,
				54FDD6D02037883400E74918 /* CategoryCollectionViewCell.swift */,
				54FDD6CD203787F400E74918 /* ViewController */,
				540F04842037864C0045B5CC /* Main.storyboard */,
				540F04872037864C0045B5CC /* Assets.xcassets */,
				540F048C2037864C0045B5CC /* Info.plist */,
			);
			path = SaveMoney;
			sourceTree = "<group>";
		};
		54FDD6CD203787F400E74918 /* ViewController */ = {
			isa = PBXGroup;
			children = (
				544CD48420383B7700192D32 /* SettingsViewController.swift */,
				540F04822037864C0045B5CC /* ViewController.swift */,
				54FDD6CB203787E900E74918 /* MainViewController.swift */,
			);
			path = ViewController;
			sourceTree = "<group>";
		};
		B911EEC32038232900B9F845 /* Core */ = {
			isa = PBXGroup;
			children = (
				B911EEC42038233400B9F845 /* Logger.swift */,
			);
			path = Core;
			sourceTree = "<group>";
		};
		B91DA6FA203875B40088A0F7 /* Service */ = {
			isa = PBXGroup;
			children = (
				B91DA6FB203875BF0088A0F7 /* MockDataProvider.swift */,
			);
			path = Service;
			sourceTree = "<group>";
		};
		B995629C203844B00003C71E /* Support */ = {
			isa = PBXGroup;
			children = (
				540F04892037864C0045B5CC /* LaunchScreen.storyboard */,
			);
			path = Support;
			sourceTree = "<group>";
		};
		B9F1CB172038292D00BC25C5 /* Presentation */ = {
			isa = PBXGroup;
			children = (
				B9F1CB1A2038299400BC25C5 /* History */,
			);
			path = Presentation;
			sourceTree = "<group>";
		};
		B9F1CB1A2038299400BC25C5 /* History */ = {
			isa = PBXGroup;
			children = (
				B9F1CB1B20382AF800BC25C5 /* View */,
				B9F352BB2038386600A1A53B /* HistoryController.swift */,
			);
			path = History;
			sourceTree = "<group>";
		};
		B9F1CB1B20382AF800BC25C5 /* View */ = {
			isa = PBXGroup;
			children = (
				B9F352C320383B8000A1A53B /* AdviceCell.swift */,
				B9F352C720383CEB00A1A53B /* HistoryCell.swift */,
				B9F352C920383D1400A1A53B /* HistorySectionHeaderCell.swift */,
			);
			path = View;
			sourceTree = "<group>";
		};
		B9F352BD20383A4200A1A53B /* Common */ = {
			isa = PBXGroup;
			children = (
				540F04802037864C0045B5CC /* AppDelegate.swift */,
				B9F352C220383B5B00A1A53B /* Extension */,
			);
			path = Common;
			sourceTree = "<group>";
		};
		B9F352C220383B5B00A1A53B /* Extension */ = {
			isa = PBXGroup;
			children = (
				B9F352C520383BD200A1A53B /* DeviceExtension.swift */,
				B9F352BE20383A5700A1A53B /* RxSwiftExtension.swift */,
				B9F352C020383B1900A1A53B /* Reusable.swift */,
				B9F352CB2038428600A1A53B /* IntExtension.swift */,
				B995629A203844670003C71E /* StringExtension.swift */,
				5400105B2038539400525703 /* ComparableExtension.swift */,
				5400105D203853E000525703 /* CommonExtensions.swift */,
				B96CAAA720385E5200D09D38 /* UITextFieldExtension.swift */,
				B91DA6FD203876410088A0F7 /* ArrayExtension.swift */,
				B95FCA4C20387AE100EDD79C /* SequenceExtension.swift */,
			);
			path = Extension;
			sourceTree = "<group>";
		};
		D301F35D20618F46C9E657F2 /* Frameworks */ = {
			isa = PBXGroup;
			children = (
				B91DA6F8203875690088A0F7 /* Timepiece.framework */,
				B91DA6F6203875650088A0F7 /* RxSwiftExt.framework */,
				B911EEBC2038232400B9F845 /* RxBlocking.framework */,
				B911EEBD2038232400B9F845 /* RxCocoa.framework */,
				B911EEBA2038232400B9F845 /* RxSwift.framework */,
				B911EEB92038232400B9F845 /* RxTest.framework */,
				B911EEBB2038232400B9F845 /* SwiftyBeaver.framework */,
				B9F365B320381D2E00654984 /* SwifterSwift.framework */,
				B1A16C93DAD579DFF41BA00E /* Pods_SaveMoney.framework */,
			);
			name = Frameworks;
			sourceTree = "<group>";
		};
		EA7E8A7F46757A2217455D42 /* Pods */ = {
			isa = PBXGroup;
			children = (
				7ABBF270B07C5D551F93C724 /* Pods-SaveMoney.debug.xcconfig */,
				B59BFB6CDDDC98B781FDB53F /* Pods-SaveMoney.release.xcconfig */,
			);
			name = Pods;
			sourceTree = "<group>";
		};
/* End PBXGroup section */

/* Begin PBXNativeTarget section */
		540F047C2037864C0045B5CC /* SaveMoney */ = {
			isa = PBXNativeTarget;
			buildConfigurationList = 540F048F2037864C0045B5CC /* Build configuration list for PBXNativeTarget "SaveMoney" */;
			buildPhases = (
				2305982350BF957D118891CE /* [CP] Check Pods Manifest.lock */,
				540F04792037864C0045B5CC /* Sources */,
				540F047A2037864C0045B5CC /* Frameworks */,
				540F047B2037864C0045B5CC /* Resources */,
				C40C2832D13581C8456599A5 /* [CP] Embed Pods Frameworks */,
				DD2BB5C7F3DC9F27597E7DB0 /* [CP] Copy Pods Resources */,
			);
			buildRules = (
			);
			dependencies = (
			);
			name = SaveMoney;
			productName = SaveMoney;
			productReference = 540F047D2037864C0045B5CC /* SaveMoney.app */;
			productType = "com.apple.product-type.application";
		};
/* End PBXNativeTarget section */

/* Begin PBXProject section */
		540F04752037864B0045B5CC /* Project object */ = {
			isa = PBXProject;
			attributes = {
				LastSwiftUpdateCheck = 0830;
				LastUpgradeCheck = 0920;
				ORGANIZATIONNAME = Semyon;
				TargetAttributes = {
					540F047C2037864C0045B5CC = {
						CreatedOnToolsVersion = 8.3.2;
						DevelopmentTeam = W2H48J22L4;
						ProvisioningStyle = Automatic;
					};
				};
			};
			buildConfigurationList = 540F04782037864B0045B5CC /* Build configuration list for PBXProject "SaveMoney" */;
			compatibilityVersion = "Xcode 3.2";
			developmentRegion = English;
			hasScannedForEncodings = 0;
			knownRegions = (
				en,
				Base,
			);
			mainGroup = 540F04742037864B0045B5CC;
			productRefGroup = 540F047E2037864C0045B5CC /* Products */;
			projectDirPath = "";
			projectRoot = "";
			targets = (
				540F047C2037864C0045B5CC /* SaveMoney */,
			);
		};
/* End PBXProject section */

/* Begin PBXResourcesBuildPhase section */
		540F047B2037864C0045B5CC /* Resources */ = {
			isa = PBXResourcesBuildPhase;
			buildActionMask = 2147483647;
			files = (
				540F048B2037864C0045B5CC /* LaunchScreen.storyboard in Resources */,
				540F04882037864C0045B5CC /* Assets.xcassets in Resources */,
				540F04862037864C0045B5CC /* Main.storyboard in Resources */,
			);
			runOnlyForDeploymentPostprocessing = 0;
		};
/* End PBXResourcesBuildPhase section */

/* Begin PBXShellScriptBuildPhase section */
		2305982350BF957D118891CE /* [CP] Check Pods Manifest.lock */ = {
			isa = PBXShellScriptBuildPhase;
			buildActionMask = 2147483647;
			files = (
			);
			inputPaths = (
				"${PODS_PODFILE_DIR_PATH}/Podfile.lock",
				"${PODS_ROOT}/Manifest.lock",
			);
			name = "[CP] Check Pods Manifest.lock";
			outputPaths = (
				"$(DERIVED_FILE_DIR)/Pods-SaveMoney-checkManifestLockResult.txt",
			);
			runOnlyForDeploymentPostprocessing = 0;
			shellPath = /bin/sh;
			shellScript = "diff \"${PODS_PODFILE_DIR_PATH}/Podfile.lock\" \"${PODS_ROOT}/Manifest.lock\" > /dev/null\nif [ $? != 0 ] ; then\n    # print error to STDERR\n    echo \"error: The sandbox is not in sync with the Podfile.lock. Run 'pod install' or update your CocoaPods installation.\" >&2\n    exit 1\nfi\n# This output is used by Xcode 'outputs' to avoid re-running this script phase.\necho \"SUCCESS\" > \"${SCRIPT_OUTPUT_FILE_0}\"\n";
			showEnvVarsInLog = 0;
		};
		C40C2832D13581C8456599A5 /* [CP] Embed Pods Frameworks */ = {
			isa = PBXShellScriptBuildPhase;
			buildActionMask = 2147483647;
			files = (
			);
			inputPaths = (
				"${SRCROOT}/Pods/Target Support Files/Pods-SaveMoney/Pods-SaveMoney-frameworks.sh",
				"${BUILT_PRODUCTS_DIR}/RxSwift/RxSwift.framework",
				"${BUILT_PRODUCTS_DIR}/RxSwiftExt/RxSwiftExt.framework",
			);
			name = "[CP] Embed Pods Frameworks";
			outputPaths = (
				"${TARGET_BUILD_DIR}/${FRAMEWORKS_FOLDER_PATH}/RxSwift.framework",
				"${TARGET_BUILD_DIR}/${FRAMEWORKS_FOLDER_PATH}/RxSwiftExt.framework",
			);
			runOnlyForDeploymentPostprocessing = 0;
			shellPath = /bin/sh;
			shellScript = "\"${SRCROOT}/Pods/Target Support Files/Pods-SaveMoney/Pods-SaveMoney-frameworks.sh\"\n";
			showEnvVarsInLog = 0;
		};
		DD2BB5C7F3DC9F27597E7DB0 /* [CP] Copy Pods Resources */ = {
			isa = PBXShellScriptBuildPhase;
			buildActionMask = 2147483647;
			files = (
			);
			inputPaths = (
			);
			name = "[CP] Copy Pods Resources";
			outputPaths = (
			);
			runOnlyForDeploymentPostprocessing = 0;
			shellPath = /bin/sh;
			shellScript = "\"${SRCROOT}/Pods/Target Support Files/Pods-SaveMoney/Pods-SaveMoney-resources.sh\"\n";
			showEnvVarsInLog = 0;
		};
/* End PBXShellScriptBuildPhase section */

/* Begin PBXSourcesBuildPhase section */
		540F04792037864C0045B5CC /* Sources */ = {
			isa = PBXSourcesBuildPhase;
			buildActionMask = 2147483647;
			files = (
				54FDD6CC203787E900E74918 /* MainViewController.swift in Sources */,
				B911EEC52038233400B9F845 /* Logger.swift in Sources */,
				54FDD6D12037883400E74918 /* CategoryCollectionViewCell.swift in Sources */,
				B995629B203844670003C71E /* StringExtension.swift in Sources */,
				B9F352C120383B1A00A1A53B /* Reusable.swift in Sources */,
				B9F352CA20383D1400A1A53B /* HistorySectionHeaderCell.swift in Sources */,
				B9F352C420383B8000A1A53B /* AdviceCell.swift in Sources */,
				B9F352C620383BD200A1A53B /* DeviceExtension.swift in Sources */,
				B9F352C820383CEB00A1A53B /* HistoryCell.swift in Sources */,
				B9F352BC2038386600A1A53B /* HistoryController.swift in Sources */,
				B9F352CC2038428600A1A53B /* IntExtension.swift in Sources */,
				544CD48520383B7700192D32 /* SettingsViewController.swift in Sources */,
				B91DA6FC203875BF0088A0F7 /* MockDataProvider.swift in Sources */,
				B96CAAA820385E5200D09D38 /* UITextFieldExtension.swift in Sources */,
				B95FCA4D20387AE100EDD79C /* SequenceExtension.swift in Sources */,
				540F04832037864C0045B5CC /* ViewController.swift in Sources */,
				5400105C2038539400525703 /* ComparableExtension.swift in Sources */,
				B9F352BF20383A5700A1A53B /* RxSwiftExtension.swift in Sources */,
				540F04812037864C0045B5CC /* AppDelegate.swift in Sources */,
				B91DA6FE203876410088A0F7 /* ArrayExtension.swift in Sources */,
				5400105E203853E000525703 /* CommonExtensions.swift in Sources */,
				540112FA20384827003FB5DA /* MocData.swift in Sources */,
			);
			runOnlyForDeploymentPostprocessing = 0;
		};
/* End PBXSourcesBuildPhase section */

/* Begin PBXVariantGroup section */
		540F04842037864C0045B5CC /* Main.storyboard */ = {
			isa = PBXVariantGroup;
			children = (
				540F04852037864C0045B5CC /* Base */,
			);
			name = Main.storyboard;
			sourceTree = "<group>";
		};
		540F04892037864C0045B5CC /* LaunchScreen.storyboard */ = {
			isa = PBXVariantGroup;
			children = (
				540F048A2037864C0045B5CC /* Base */,
			);
			name = LaunchScreen.storyboard;
			sourceTree = "<group>";
		};
/* End PBXVariantGroup section */

/* Begin XCBuildConfiguration section */
		540F048D2037864C0045B5CC /* Debug */ = {
			isa = XCBuildConfiguration;
			buildSettings = {
				ALWAYS_SEARCH_USER_PATHS = NO;
				CLANG_ANALYZER_NONNULL = YES;
				CLANG_ANALYZER_NUMBER_OBJECT_CONVERSION = YES_AGGRESSIVE;
				CLANG_CXX_LANGUAGE_STANDARD = "gnu++0x";
				CLANG_CXX_LIBRARY = "libc++";
				CLANG_ENABLE_MODULES = YES;
				CLANG_ENABLE_OBJC_ARC = YES;
				CLANG_WARN_BLOCK_CAPTURE_AUTORELEASING = YES;
				CLANG_WARN_BOOL_CONVERSION = YES;
				CLANG_WARN_COMMA = YES;
				CLANG_WARN_CONSTANT_CONVERSION = YES;
				CLANG_WARN_DIRECT_OBJC_ISA_USAGE = YES_ERROR;
				CLANG_WARN_DOCUMENTATION_COMMENTS = YES;
				CLANG_WARN_EMPTY_BODY = YES;
				CLANG_WARN_ENUM_CONVERSION = YES;
				CLANG_WARN_INFINITE_RECURSION = YES;
				CLANG_WARN_INT_CONVERSION = YES;
				CLANG_WARN_NON_LITERAL_NULL_CONVERSION = YES;
				CLANG_WARN_OBJC_LITERAL_CONVERSION = YES;
				CLANG_WARN_OBJC_ROOT_CLASS = YES_ERROR;
				CLANG_WARN_RANGE_LOOP_ANALYSIS = YES;
				CLANG_WARN_STRICT_PROTOTYPES = YES;
				CLANG_WARN_SUSPICIOUS_MOVE = YES;
				CLANG_WARN_UNREACHABLE_CODE = YES;
				CLANG_WARN__DUPLICATE_METHOD_MATCH = YES;
				"CODE_SIGN_IDENTITY[sdk=iphoneos*]" = "iPhone Developer";
				COPY_PHASE_STRIP = NO;
				DEBUG_INFORMATION_FORMAT = dwarf;
				ENABLE_STRICT_OBJC_MSGSEND = YES;
				ENABLE_TESTABILITY = YES;
				GCC_C_LANGUAGE_STANDARD = gnu99;
				GCC_DYNAMIC_NO_PIC = NO;
				GCC_NO_COMMON_BLOCKS = YES;
				GCC_OPTIMIZATION_LEVEL = 0;
				GCC_PREPROCESSOR_DEFINITIONS = (
					"DEBUG=1",
					"$(inherited)",
				);
				GCC_WARN_64_TO_32_BIT_CONVERSION = YES;
				GCC_WARN_ABOUT_RETURN_TYPE = YES_ERROR;
				GCC_WARN_UNDECLARED_SELECTOR = YES;
				GCC_WARN_UNINITIALIZED_AUTOS = YES_AGGRESSIVE;
				GCC_WARN_UNUSED_FUNCTION = YES;
				GCC_WARN_UNUSED_VARIABLE = YES;
				IPHONEOS_DEPLOYMENT_TARGET = 10.3;
				MTL_ENABLE_DEBUG_INFO = YES;
				ONLY_ACTIVE_ARCH = YES;
				SDKROOT = iphoneos;
				SWIFT_ACTIVE_COMPILATION_CONDITIONS = DEBUG;
				SWIFT_OPTIMIZATION_LEVEL = "-Onone";
			};
			name = Debug;
		};
		540F048E2037864C0045B5CC /* Release */ = {
			isa = XCBuildConfiguration;
			buildSettings = {
				ALWAYS_SEARCH_USER_PATHS = NO;
				CLANG_ANALYZER_NONNULL = YES;
				CLANG_ANALYZER_NUMBER_OBJECT_CONVERSION = YES_AGGRESSIVE;
				CLANG_CXX_LANGUAGE_STANDARD = "gnu++0x";
				CLANG_CXX_LIBRARY = "libc++";
				CLANG_ENABLE_MODULES = YES;
				CLANG_ENABLE_OBJC_ARC = YES;
				CLANG_WARN_BLOCK_CAPTURE_AUTORELEASING = YES;
				CLANG_WARN_BOOL_CONVERSION = YES;
				CLANG_WARN_COMMA = YES;
				CLANG_WARN_CONSTANT_CONVERSION = YES;
				CLANG_WARN_DIRECT_OBJC_ISA_USAGE = YES_ERROR;
				CLANG_WARN_DOCUMENTATION_COMMENTS = YES;
				CLANG_WARN_EMPTY_BODY = YES;
				CLANG_WARN_ENUM_CONVERSION = YES;
				CLANG_WARN_INFINITE_RECURSION = YES;
				CLANG_WARN_INT_CONVERSION = YES;
				CLANG_WARN_NON_LITERAL_NULL_CONVERSION = YES;
				CLANG_WARN_OBJC_LITERAL_CONVERSION = YES;
				CLANG_WARN_OBJC_ROOT_CLASS = YES_ERROR;
				CLANG_WARN_RANGE_LOOP_ANALYSIS = YES;
				CLANG_WARN_STRICT_PROTOTYPES = YES;
				CLANG_WARN_SUSPICIOUS_MOVE = YES;
				CLANG_WARN_UNREACHABLE_CODE = YES;
				CLANG_WARN__DUPLICATE_METHOD_MATCH = YES;
				"CODE_SIGN_IDENTITY[sdk=iphoneos*]" = "iPhone Developer";
				COPY_PHASE_STRIP = NO;
				DEBUG_INFORMATION_FORMAT = "dwarf-with-dsym";
				ENABLE_NS_ASSERTIONS = NO;
				ENABLE_STRICT_OBJC_MSGSEND = YES;
				GCC_C_LANGUAGE_STANDARD = gnu99;
				GCC_NO_COMMON_BLOCKS = YES;
				GCC_WARN_64_TO_32_BIT_CONVERSION = YES;
				GCC_WARN_ABOUT_RETURN_TYPE = YES_ERROR;
				GCC_WARN_UNDECLARED_SELECTOR = YES;
				GCC_WARN_UNINITIALIZED_AUTOS = YES_AGGRESSIVE;
				GCC_WARN_UNUSED_FUNCTION = YES;
				GCC_WARN_UNUSED_VARIABLE = YES;
				IPHONEOS_DEPLOYMENT_TARGET = 10.3;
				MTL_ENABLE_DEBUG_INFO = NO;
				SDKROOT = iphoneos;
				SWIFT_OPTIMIZATION_LEVEL = "-Owholemodule";
				VALIDATE_PRODUCT = YES;
			};
			name = Release;
		};
		540F04902037864C0045B5CC /* Debug */ = {
			isa = XCBuildConfiguration;
			baseConfigurationReference = 7ABBF270B07C5D551F93C724 /* Pods-SaveMoney.debug.xcconfig */;
			buildSettings = {
				ASSETCATALOG_COMPILER_APPICON_NAME = AppIcon;
				DEVELOPMENT_TEAM = W2H48J22L4;
				FRAMEWORK_SEARCH_PATHS = (
					"$(inherited)",
					"$(PROJECT_DIR)/Carthage/Build/iOS",
				);
				INFOPLIST_FILE = SaveMoney/Info.plist;
				IPHONEOS_DEPLOYMENT_TARGET = 11.2;
				LD_RUNPATH_SEARCH_PATHS = "$(inherited) @executable_path/Frameworks";
				PRODUCT_BUNDLE_IDENTIFIER = own2pwn.hn.saveme2;
				PRODUCT_NAME = "$(TARGET_NAME)";
				SWIFT_VERSION = 4.0;
			};
			name = Debug;
		};
		540F04912037864C0045B5CC /* Release */ = {
			isa = XCBuildConfiguration;
			baseConfigurationReference = B59BFB6CDDDC98B781FDB53F /* Pods-SaveMoney.release.xcconfig */;
			buildSettings = {
				ASSETCATALOG_COMPILER_APPICON_NAME = AppIcon;
				DEVELOPMENT_TEAM = W2H48J22L4;
				FRAMEWORK_SEARCH_PATHS = (
					"$(inherited)",
					"$(PROJECT_DIR)/Carthage/Build/iOS",
				);
				INFOPLIST_FILE = SaveMoney/Info.plist;
				IPHONEOS_DEPLOYMENT_TARGET = 11.2;
				LD_RUNPATH_SEARCH_PATHS = "$(inherited) @executable_path/Frameworks";
				PRODUCT_BUNDLE_IDENTIFIER = own2pwn.hn.saveme2;
				PRODUCT_NAME = "$(TARGET_NAME)";
				SWIFT_VERSION = 4.0;
			};
			name = Release;
		};
/* End XCBuildConfiguration section */

/* Begin XCConfigurationList section */
		540F04782037864B0045B5CC /* Build configuration list for PBXProject "SaveMoney" */ = {
			isa = XCConfigurationList;
			buildConfigurations = (
				540F048D2037864C0045B5CC /* Debug */,
				540F048E2037864C0045B5CC /* Release */,
			);
			defaultConfigurationIsVisible = 0;
			defaultConfigurationName = Release;
		};
		540F048F2037864C0045B5CC /* Build configuration list for PBXNativeTarget "SaveMoney" */ = {
			isa = XCConfigurationList;
			buildConfigurations = (
				540F04902037864C0045B5CC /* Debug */,
				540F04912037864C0045B5CC /* Release */,
			);
			defaultConfigurationIsVisible = 0;
			defaultConfigurationName = Release;
		};
/* End XCConfigurationList section */
	};
	rootObject = 540F04752037864B0045B5CC /* Project object */;
}
